// !$*UTF8*$!
{
	archiveVersion = 1;
	classes = {
	};
	objectVersion = 60;
	objects = {

/* Begin PBXBuildFile section */
		5614394E2BDBC32600857FEB /* PrivacyInfo.xcprivacy in Resources */ = {isa = PBXBuildFile; fileRef = 5614394D2BDBC32600857FEB /* PrivacyInfo.xcprivacy */; };
		562C8B7D2BA2EE5500445BF5 /* SwiftyJSON in Frameworks */ = {isa = PBXBuildFile; productRef = 562C8B7C2BA2EE5500445BF5 /* SwiftyJSON */; };
		567DAA472BE9503500924745 /* prelude_postlude_30m.mp3 in Resources */ = {isa = PBXBuildFile; fileRef = 567DAA462BE9503500924745 /* prelude_postlude_30m.mp3 */; };
		56855C892BE5383900C60ADF /* ConfigurationManager.swift in Sources */ = {isa = PBXBuildFile; fileRef = 56855C882BE5383900C60ADF /* ConfigurationManager.swift */; };
		56B084C62B97187B007195AA /* AVPlayerExtensions.swift in Sources */ = {isa = PBXBuildFile; fileRef = 56B084C52B97187B007195AA /* AVPlayerExtensions.swift */; };
		56B084C92B99FF51007195AA /* FreudConnection.swift in Sources */ = {isa = PBXBuildFile; fileRef = 56B084C82B99FF51007195AA /* FreudConnection.swift */; };
		56B084CC2B9A2BC2007195AA /* SocketIO in Frameworks */ = {isa = PBXBuildFile; productRef = 56B084CB2B9A2BC2007195AA /* SocketIO */; };
		56D97FDA2C05392F00569E10 /* ScannerViewController.swift in Sources */ = {isa = PBXBuildFile; fileRef = 56D97FD92C05392F00569E10 /* ScannerViewController.swift */; };
		56F7ACA12BE156E700F129CC /* PlaybackViewController.swift in Sources */ = {isa = PBXBuildFile; fileRef = 56F7ACA02BE156E700F129CC /* PlaybackViewController.swift */; };
		AFE0E8D620ACEA9D000A59F0 /* HLSAssetPlaybackManager.swift in Sources */ = {isa = PBXBuildFile; fileRef = AFE0E8C420ACEA9D000A59F0 /* HLSAssetPlaybackManager.swift */; };
		AFE0E8D920ACEA9D000A59F0 /* Assets.xcassets in Resources */ = {isa = PBXBuildFile; fileRef = AFE0E8C720ACEA9D000A59F0 /* Assets.xcassets */; };
		AFE0E8DA20ACEA9D000A59F0 /* LaunchScreen.storyboard in Resources */ = {isa = PBXBuildFile; fileRef = AFE0E8C820ACEA9D000A59F0 /* LaunchScreen.storyboard */; };
		AFE0E8DB20ACEA9D000A59F0 /* Main.storyboard in Resources */ = {isa = PBXBuildFile; fileRef = AFE0E8CA20ACEA9D000A59F0 /* Main.storyboard */; };
		AFE0E8DC20ACEA9D000A59F0 /* WPSessionInfo.swift in Sources */ = {isa = PBXBuildFile; fileRef = AFE0E8CD20ACEA9D000A59F0 /* WPSessionInfo.swift */; };
		AFE0E8DD20ACEA9D000A59F0 /* Asset.swift in Sources */ = {isa = PBXBuildFile; fileRef = AFE0E8CE20ACEA9D000A59F0 /* Asset.swift */; };
		AFE0E8DE20ACEA9D000A59F0 /* PerfMeasurements.swift in Sources */ = {isa = PBXBuildFile; fileRef = AFE0E8CF20ACEA9D000A59F0 /* PerfMeasurements.swift */; };
		AFE0E8DF20ACEA9D000A59F0 /* AppDelegate.swift in Sources */ = {isa = PBXBuildFile; fileRef = AFE0E8D020ACEA9D000A59F0 /* AppDelegate.swift */; };
		CC4B77882CFE036A007225CA /* AssetPlaybackManagerProtocol.swift in Sources */ = {isa = PBXBuildFile; fileRef = CC4B77872CFE036A007225CA /* AssetPlaybackManagerProtocol.swift */; };
		CC4B778A2CFE0399007225CA /* AssetPlaybackManagerFactory.swift in Sources */ = {isa = PBXBuildFile; fileRef = CC4B77892CFE0399007225CA /* AssetPlaybackManagerFactory.swift */; };
		CC4B778C2CFE11CB007225CA /* PlayerLibPlaybackManager.swift in Sources */ = {isa = PBXBuildFile; fileRef = CC4B778B2CFE11CB007225CA /* PlayerLibPlaybackManager.swift */; };
		CCF40B5F2CFEFA3D004BB930 /* FreudUtils.swift in Sources */ = {isa = PBXBuildFile; fileRef = CCF40B5E2CFEFA3D004BB930 /* FreudUtils.swift */; };
		CCF40B672CFF57E8004BB930 /* WpPlayerLibApple.xcframework in Frameworks */ = {isa = PBXBuildFile; fileRef = CCF40B652CFF576F004BB930 /* WpPlayerLibApple.xcframework */; };
		CCF40B682CFF57E8004BB930 /* WpPlayerLibApple.xcframework in Embed Frameworks */ = {isa = PBXBuildFile; fileRef = CCF40B652CFF576F004BB930 /* WpPlayerLibApple.xcframework */; settings = {ATTRIBUTES = (CodeSignOnCopy, RemoveHeadersOnCopy, ); }; };
/* End PBXBuildFile section */

/* Begin PBXCopyFilesBuildPhase section */
		CCF40B642CFF2F54004BB930 /* Embed Frameworks */ = {
			isa = PBXCopyFilesBuildPhase;
			buildActionMask = 2147483647;
			dstPath = "";
			dstSubfolderSpec = 10;
			files = (
				CCF40B682CFF57E8004BB930 /* WpPlayerLibApple.xcframework in Embed Frameworks */,
			);
			name = "Embed Frameworks";
			runOnlyForDeploymentPostprocessing = 0;
		};
/* End PBXCopyFilesBuildPhase section */

/* Begin PBXFileReference section */
		428139EE1CE44B7300972264 /* Wavepaths Player.app */ = {isa = PBXFileReference; explicitFileType = wrapper.application; includeInIndex = 0; path = "Wavepaths Player.app"; sourceTree = BUILT_PRODUCTS_DIR; };
		5614394D2BDBC32600857FEB /* PrivacyInfo.xcprivacy */ = {isa = PBXFileReference; lastKnownFileType = text.xml; path = PrivacyInfo.xcprivacy; sourceTree = "<group>"; };
		567DAA462BE9503500924745 /* prelude_postlude_30m.mp3 */ = {isa = PBXFileReference; lastKnownFileType = audio.mp3; path = prelude_postlude_30m.mp3; sourceTree = "<group>"; };
		56855C882BE5383900C60ADF /* ConfigurationManager.swift */ = {isa = PBXFileReference; lastKnownFileType = sourcecode.swift; path = ConfigurationManager.swift; sourceTree = "<group>"; };
		56B084C52B97187B007195AA /* AVPlayerExtensions.swift */ = {isa = PBXFileReference; lastKnownFileType = sourcecode.swift; path = AVPlayerExtensions.swift; sourceTree = "<group>"; };
		56B084C72B99D10E007195AA /* HLSCatalog.entitlements */ = {isa = PBXFileReference; lastKnownFileType = text.plist.entitlements; path = HLSCatalog.entitlements; sourceTree = "<group>"; };
		56B084C82B99FF51007195AA /* FreudConnection.swift */ = {isa = PBXFileReference; lastKnownFileType = sourcecode.swift; path = FreudConnection.swift; sourceTree = "<group>"; };
		56D97FD92C05392F00569E10 /* ScannerViewController.swift */ = {isa = PBXFileReference; lastKnownFileType = sourcecode.swift; path = ScannerViewController.swift; sourceTree = "<group>"; };
		56F7ACA02BE156E700F129CC /* PlaybackViewController.swift */ = {isa = PBXFileReference; lastKnownFileType = sourcecode.swift; path = PlaybackViewController.swift; sourceTree = "<group>"; };
		AFE0E8C420ACEA9D000A59F0 /* HLSAssetPlaybackManager.swift */ = {isa = PBXFileReference; fileEncoding = 4; lastKnownFileType = sourcecode.swift; path = HLSAssetPlaybackManager.swift; sourceTree = "<group>"; };
		AFE0E8C720ACEA9D000A59F0 /* Assets.xcassets */ = {isa = PBXFileReference; lastKnownFileType = folder.assetcatalog; path = Assets.xcassets; sourceTree = "<group>"; };
		AFE0E8C920ACEA9D000A59F0 /* Base */ = {isa = PBXFileReference; lastKnownFileType = file.storyboard; name = Base; path = Base.lproj/LaunchScreen.storyboard; sourceTree = "<group>"; };
		AFE0E8CB20ACEA9D000A59F0 /* Base */ = {isa = PBXFileReference; lastKnownFileType = file.storyboard; name = Base; path = Base.lproj/Main.storyboard; sourceTree = "<group>"; };
		AFE0E8CD20ACEA9D000A59F0 /* WPSessionInfo.swift */ = {isa = PBXFileReference; fileEncoding = 4; lastKnownFileType = sourcecode.swift; path = WPSessionInfo.swift; sourceTree = "<group>"; };
		AFE0E8CE20ACEA9D000A59F0 /* Asset.swift */ = {isa = PBXFileReference; fileEncoding = 4; lastKnownFileType = sourcecode.swift; path = Asset.swift; sourceTree = "<group>"; };
		AFE0E8CF20ACEA9D000A59F0 /* PerfMeasurements.swift */ = {isa = PBXFileReference; fileEncoding = 4; lastKnownFileType = sourcecode.swift; path = PerfMeasurements.swift; sourceTree = "<group>"; };
		AFE0E8D020ACEA9D000A59F0 /* AppDelegate.swift */ = {isa = PBXFileReference; fileEncoding = 4; lastKnownFileType = sourcecode.swift; path = AppDelegate.swift; sourceTree = "<group>"; };
		AFE0E8D220ACEA9D000A59F0 /* Info.plist */ = {isa = PBXFileReference; fileEncoding = 4; lastKnownFileType = text.plist.xml; path = Info.plist; sourceTree = "<group>"; };
		CC4B77872CFE036A007225CA /* AssetPlaybackManagerProtocol.swift */ = {isa = PBXFileReference; lastKnownFileType = sourcecode.swift; path = AssetPlaybackManagerProtocol.swift; sourceTree = "<group>"; };
		CC4B77892CFE0399007225CA /* AssetPlaybackManagerFactory.swift */ = {isa = PBXFileReference; lastKnownFileType = sourcecode.swift; path = AssetPlaybackManagerFactory.swift; sourceTree = "<group>"; };
		CC4B778B2CFE11CB007225CA /* PlayerLibPlaybackManager.swift */ = {isa = PBXFileReference; lastKnownFileType = sourcecode.swift; path = PlayerLibPlaybackManager.swift; sourceTree = "<group>"; };
		CCF40B5E2CFEFA3D004BB930 /* FreudUtils.swift */ = {isa = PBXFileReference; lastKnownFileType = sourcecode.swift; path = FreudUtils.swift; sourceTree = "<group>"; };
		CCF40B652CFF576F004BB930 /* WpPlayerLibApple.xcframework */ = {isa = PBXFileReference; lastKnownFileType = wrapper.xcframework; name = WpPlayerLibApple.xcframework; path = "../playerlib/player-apple/build/xcf/WpPlayerLibApple.xcframework"; sourceTree = "<group>"; };
		F2E17BE0F2E191B000000001 /* SampleCode.xcconfig */ = {isa = PBXFileReference; lastKnownFileType = text.xcconfig; name = SampleCode.xcconfig; path = Configuration/SampleCode.xcconfig; sourceTree = "<group>"; };
/* End PBXFileReference section */

/* Begin PBXFrameworksBuildPhase section */
		428139EB1CE44B7300972264 /* Frameworks */ = {
			isa = PBXFrameworksBuildPhase;
			buildActionMask = 2147483647;
			files = (
				CCF40B672CFF57E8004BB930 /* WpPlayerLibApple.xcframework in Frameworks */,
				562C8B7D2BA2EE5500445BF5 /* SwiftyJSON in Frameworks */,
				56B084CC2B9A2BC2007195AA /* SocketIO in Frameworks */,
			);
			runOnlyForDeploymentPostprocessing = 0;
		};
/* End PBXFrameworksBuildPhase section */

/* Begin PBXGroup section */
		428139E51CE44B7300972264 = {
			isa = PBXGroup;
			children = (
				CCF40B652CFF576F004BB930 /* WpPlayerLibApple.xcframework */,
				567DAA462BE9503500924745 /* prelude_postlude_30m.mp3 */,
				AFE0E8BF20ACEA9D000A59F0 /* HLSCatalog */,
				428139EF1CE44B7300972264 /* Products */,
				F2E12D60F2E144D000000001 /* Configuration */,
			);
			sourceTree = "<group>";
		};
		428139EF1CE44B7300972264 /* Products */ = {
			isa = PBXGroup;
			children = (
				428139EE1CE44B7300972264 /* Wavepaths Player.app */,
			);
			name = Products;
			sourceTree = "<group>";
		};
		56B084C42B97185C007195AA /* Audio */ = {
			isa = PBXGroup;
			children = (
				56B084C52B97187B007195AA /* AVPlayerExtensions.swift */,
			);
			path = Audio;
			sourceTree = "<group>";
		};
		AFE0E8BF20ACEA9D000A59F0 /* HLSCatalog */ = {
			isa = PBXGroup;
			children = (
				CCF40B5E2CFEFA3D004BB930 /* FreudUtils.swift */,
				56B084C72B99D10E007195AA /* HLSCatalog.entitlements */,
				56B084C42B97185C007195AA /* Audio */,
				AFE0E8C220ACEA9D000A59F0 /* Managers */,
				AFE0E8C720ACEA9D000A59F0 /* Assets.xcassets */,
				AFE0E8C820ACEA9D000A59F0 /* LaunchScreen.storyboard */,
				AFE0E8CA20ACEA9D000A59F0 /* Main.storyboard */,
				AFE0E8CC20ACEA9D000A59F0 /* Model */,
				AFE0E8CF20ACEA9D000A59F0 /* PerfMeasurements.swift */,
				AFE0E8D020ACEA9D000A59F0 /* AppDelegate.swift */,
				AFE0E8D220ACEA9D000A59F0 /* Info.plist */,
				5614394D2BDBC32600857FEB /* PrivacyInfo.xcprivacy */,
				56F7ACA02BE156E700F129CC /* PlaybackViewController.swift */,
				56D97FD92C05392F00569E10 /* ScannerViewController.swift */,
			);
			path = HLSCatalog;
			sourceTree = "<group>";
		};
		AFE0E8C220ACEA9D000A59F0 /* Managers */ = {
			isa = PBXGroup;
			children = (
				AFE0E8C420ACEA9D000A59F0 /* HLSAssetPlaybackManager.swift */,
				56B084C82B99FF51007195AA /* FreudConnection.swift */,
				56855C882BE5383900C60ADF /* ConfigurationManager.swift */,
				CC4B77872CFE036A007225CA /* AssetPlaybackManagerProtocol.swift */,
				CC4B77892CFE0399007225CA /* AssetPlaybackManagerFactory.swift */,
				CC4B778B2CFE11CB007225CA /* PlayerLibPlaybackManager.swift */,
			);
			path = Managers;
			sourceTree = "<group>";
		};
		AFE0E8CC20ACEA9D000A59F0 /* Model */ = {
			isa = PBXGroup;
			children = (
				AFE0E8CD20ACEA9D000A59F0 /* WPSessionInfo.swift */,
				AFE0E8CE20ACEA9D000A59F0 /* Asset.swift */,
			);
			path = Model;
			sourceTree = "<group>";
		};
		F2E12D60F2E144D000000001 /* Configuration */ = {
			isa = PBXGroup;
			children = (
				F2E17BE0F2E191B000000001 /* SampleCode.xcconfig */,
			);
			name = Configuration;
			sourceTree = "<group>";
		};
/* End PBXGroup section */

/* Begin PBXNativeTarget section */
		428139ED1CE44B7300972264 /* Wavepaths Player */ = {
			isa = PBXNativeTarget;
			buildConfigurationList = 42813A001CE44B7300972264 /* Build configuration list for PBXNativeTarget "Wavepaths Player" */;
			buildPhases = (
				428139EA1CE44B7300972264 /* Sources */,
				428139EB1CE44B7300972264 /* Frameworks */,
				428139EC1CE44B7300972264 /* Resources */,
				CCF40B642CFF2F54004BB930 /* Embed Frameworks */,
			);
			buildRules = (
			);
			dependencies = (
			);
			name = "Wavepaths Player";
			packageProductDependencies = (
				56B084CB2B9A2BC2007195AA /* SocketIO */,
				562C8B7C2BA2EE5500445BF5 /* SwiftyJSON */,
			);
			productName = HLSCatalog;
			productReference = 428139EE1CE44B7300972264 /* Wavepaths Player.app */;
			productType = "com.apple.product-type.application";
		};
/* End PBXNativeTarget section */

/* Begin PBXProject section */
		428139E61CE44B7300972264 /* Project object */ = {
			isa = PBXProject;
			attributes = {
				BuildIndependentTargetsInParallel = YES;
				LastSwiftUpdateCheck = 0730;
				LastUpgradeCheck = 1520;
				ORGANIZATIONNAME = Apple;
				TargetAttributes = {
					428139ED1CE44B7300972264 = {
						CreatedOnToolsVersion = 7.3.1;
						LastSwiftMigration = 1520;
						LastSwiftUpdateCheck = 0800;
						ProvisioningStyle = Automatic;
					};
				};
			};
			buildConfigurationList = 428139E91CE44B7300972264 /* Build configuration list for PBXProject "HLSCatalog" */;
			compatibilityVersion = "Xcode 15.0";
			developmentRegion = English;
			hasScannedForEncodings = 0;
			knownRegions = (
				English,
				en,
				Base,
			);
			mainGroup = 428139E51CE44B7300972264;
			packageReferences = (
				56B084CA2B9A2BC2007195AA /* XCRemoteSwiftPackageReference "socket.io-client-swift" */,
				562C8B7B2BA2EE5500445BF5 /* XCRemoteSwiftPackageReference "SwiftyJSON" */,
			);
			productRefGroup = 428139EF1CE44B7300972264 /* Products */;
			projectDirPath = "";
			projectRoot = "";
			targets = (
				428139ED1CE44B7300972264 /* Wavepaths Player */,
			);
		};
/* End PBXProject section */

/* Begin PBXResourcesBuildPhase section */
		428139EC1CE44B7300972264 /* Resources */ = {
			isa = PBXResourcesBuildPhase;
			buildActionMask = 2147483647;
			files = (
				5614394E2BDBC32600857FEB /* PrivacyInfo.xcprivacy in Resources */,
				AFE0E8DA20ACEA9D000A59F0 /* LaunchScreen.storyboard in Resources */,
				AFE0E8D920ACEA9D000A59F0 /* Assets.xcassets in Resources */,
				AFE0E8DB20ACEA9D000A59F0 /* Main.storyboard in Resources */,
				567DAA472BE9503500924745 /* prelude_postlude_30m.mp3 in Resources */,
			);
			runOnlyForDeploymentPostprocessing = 0;
		};
/* End PBXResourcesBuildPhase section */

/* Begin PBXSourcesBuildPhase section */
		428139EA1CE44B7300972264 /* Sources */ = {
			isa = PBXSourcesBuildPhase;
			buildActionMask = 2147483647;
			files = (
				AFE0E8D620ACEA9D000A59F0 /* HLSAssetPlaybackManager.swift in Sources */,
				56B084C92B99FF51007195AA /* FreudConnection.swift in Sources */,
				CC4B778C2CFE11CB007225CA /* PlayerLibPlaybackManager.swift in Sources */,
				AFE0E8DD20ACEA9D000A59F0 /* Asset.swift in Sources */,
				AFE0E8DC20ACEA9D000A59F0 /* WPSessionInfo.swift in Sources */,
				CC4B778A2CFE0399007225CA /* AssetPlaybackManagerFactory.swift in Sources */,
				CC4B77882CFE036A007225CA /* AssetPlaybackManagerProtocol.swift in Sources */,
				56F7ACA12BE156E700F129CC /* PlaybackViewController.swift in Sources */,
				AFE0E8DF20ACEA9D000A59F0 /* AppDelegate.swift in Sources */,
				56B084C62B97187B007195AA /* AVPlayerExtensions.swift in Sources */,
				56855C892BE5383900C60ADF /* ConfigurationManager.swift in Sources */,
				56D97FDA2C05392F00569E10 /* ScannerViewController.swift in Sources */,
				CCF40B5F2CFEFA3D004BB930 /* FreudUtils.swift in Sources */,
				AFE0E8DE20ACEA9D000A59F0 /* PerfMeasurements.swift in Sources */,
			);
			runOnlyForDeploymentPostprocessing = 0;
		};
/* End PBXSourcesBuildPhase section */

/* Begin PBXVariantGroup section */
		AFE0E8C820ACEA9D000A59F0 /* LaunchScreen.storyboard */ = {
			isa = PBXVariantGroup;
			children = (
				AFE0E8C920ACEA9D000A59F0 /* Base */,
			);
			name = LaunchScreen.storyboard;
			sourceTree = "<group>";
		};
		AFE0E8CA20ACEA9D000A59F0 /* Main.storyboard */ = {
			isa = PBXVariantGroup;
			children = (
				AFE0E8CB20ACEA9D000A59F0 /* Base */,
			);
			name = Main.storyboard;
			sourceTree = "<group>";
		};
/* End PBXVariantGroup section */

/* Begin XCBuildConfiguration section */
		428139FE1CE44B7300972264 /* Debug */ = {
			isa = XCBuildConfiguration;
			baseConfigurationReference = F2E17BE0F2E191B000000001 /* SampleCode.xcconfig */;
			buildSettings = {
				ALWAYS_SEARCH_USER_PATHS = NO;
				CLANG_ANALYZER_LOCALIZABILITY_NONLOCALIZED = YES;
				CLANG_ANALYZER_NONNULL = YES;
				CLANG_CXX_LANGUAGE_STANDARD = "gnu++0x";
				CLANG_CXX_LIBRARY = "libc++";
				CLANG_ENABLE_MODULES = YES;
				CLANG_ENABLE_OBJC_ARC = YES;
				CLANG_WARN_BLOCK_CAPTURE_AUTORELEASING = YES;
				CLANG_WARN_BOOL_CONVERSION = YES;
				CLANG_WARN_COMMA = YES;
				CLANG_WARN_CONSTANT_CONVERSION = YES;
				CLANG_WARN_DEPRECATED_OBJC_IMPLEMENTATIONS = YES;
				CLANG_WARN_DIRECT_OBJC_ISA_USAGE = YES_ERROR;
				CLANG_WARN_EMPTY_BODY = YES;
				CLANG_WARN_ENUM_CONVERSION = YES;
				CLANG_WARN_INFINITE_RECURSION = YES;
				CLANG_WARN_INT_CONVERSION = YES;
				CLANG_WARN_NON_LITERAL_NULL_CONVERSION = YES;
				CLANG_WARN_OBJC_IMPLICIT_RETAIN_SELF = YES;
				CLANG_WARN_OBJC_LITERAL_CONVERSION = YES;
				CLANG_WARN_OBJC_ROOT_CLASS = YES_ERROR;
				CLANG_WARN_QUOTED_INCLUDE_IN_FRAMEWORK_HEADER = YES;
				CLANG_WARN_RANGE_LOOP_ANALYSIS = YES;
				CLANG_WARN_STRICT_PROTOTYPES = YES;
				CLANG_WARN_SUSPICIOUS_MOVE = YES;
				CLANG_WARN_UNREACHABLE_CODE = YES;
				CLANG_WARN__DUPLICATE_METHOD_MATCH = YES;
				"CODE_SIGN_IDENTITY[sdk=iphoneos*]" = "iPhone Developer";
				COPY_PHASE_STRIP = NO;
				DEBUG_INFORMATION_FORMAT = dwarf;
				ENABLE_STRICT_OBJC_MSGSEND = YES;
				ENABLE_TESTABILITY = YES;
				ENABLE_USER_SCRIPT_SANDBOXING = YES;
				GCC_C_LANGUAGE_STANDARD = gnu99;
				GCC_DYNAMIC_NO_PIC = NO;
				GCC_NO_COMMON_BLOCKS = YES;
				GCC_OPTIMIZATION_LEVEL = 0;
				GCC_PREPROCESSOR_DEFINITIONS = (
					"DEBUG=1",
					"$(inherited)",
				);
				GCC_WARN_64_TO_32_BIT_CONVERSION = YES;
				GCC_WARN_ABOUT_RETURN_TYPE = YES_ERROR;
				GCC_WARN_UNDECLARED_SELECTOR = YES;
				GCC_WARN_UNINITIALIZED_AUTOS = YES_AGGRESSIVE;
				GCC_WARN_UNUSED_FUNCTION = YES;
				GCC_WARN_UNUSED_VARIABLE = YES;
				IPHONEOS_DEPLOYMENT_TARGET = 13.1;
				MTL_ENABLE_DEBUG_INFO = YES;
				ONLY_ACTIVE_ARCH = YES;
				SDKROOT = iphoneos;
				SWIFT_OPTIMIZATION_LEVEL = "-Onone";
				TARGETED_DEVICE_FAMILY = "1,2";
				VALID_ARCHS = "armv7 armv7s arm64";
			};
			name = Debug;
		};
		428139FF1CE44B7300972264 /* Release */ = {
			isa = XCBuildConfiguration;
			baseConfigurationReference = F2E17BE0F2E191B000000001 /* SampleCode.xcconfig */;
			buildSettings = {
				ALWAYS_SEARCH_USER_PATHS = NO;
				CLANG_ANALYZER_LOCALIZABILITY_NONLOCALIZED = YES;
				CLANG_ANALYZER_NONNULL = YES;
				CLANG_CXX_LANGUAGE_STANDARD = "gnu++0x";
				CLANG_CXX_LIBRARY = "libc++";
				CLANG_ENABLE_MODULES = YES;
				CLANG_ENABLE_OBJC_ARC = YES;
				CLANG_WARN_BLOCK_CAPTURE_AUTORELEASING = YES;
				CLANG_WARN_BOOL_CONVERSION = YES;
				CLANG_WARN_COMMA = YES;
				CLANG_WARN_CONSTANT_CONVERSION = YES;
				CLANG_WARN_DEPRECATED_OBJC_IMPLEMENTATIONS = YES;
				CLANG_WARN_DIRECT_OBJC_ISA_USAGE = YES_ERROR;
				CLANG_WARN_EMPTY_BODY = YES;
				CLANG_WARN_ENUM_CONVERSION = YES;
				CLANG_WARN_INFINITE_RECURSION = YES;
				CLANG_WARN_INT_CONVERSION = YES;
				CLANG_WARN_NON_LITERAL_NULL_CONVERSION = YES;
				CLANG_WARN_OBJC_IMPLICIT_RETAIN_SELF = YES;
				CLANG_WARN_OBJC_LITERAL_CONVERSION = YES;
				CLANG_WARN_OBJC_ROOT_CLASS = YES_ERROR;
				CLANG_WARN_QUOTED_INCLUDE_IN_FRAMEWORK_HEADER = YES;
				CLANG_WARN_RANGE_LOOP_ANALYSIS = YES;
				CLANG_WARN_STRICT_PROTOTYPES = YES;
				CLANG_WARN_SUSPICIOUS_MOVE = YES;
				CLANG_WARN_UNREACHABLE_CODE = YES;
				CLANG_WARN__DUPLICATE_METHOD_MATCH = YES;
				"CODE_SIGN_IDENTITY[sdk=iphoneos*]" = "iPhone Developer";
				COPY_PHASE_STRIP = NO;
				DEBUG_INFORMATION_FORMAT = "dwarf-with-dsym";
				ENABLE_NS_ASSERTIONS = NO;
				ENABLE_STRICT_OBJC_MSGSEND = YES;
				ENABLE_USER_SCRIPT_SANDBOXING = YES;
				GCC_C_LANGUAGE_STANDARD = gnu99;
				GCC_NO_COMMON_BLOCKS = YES;
				GCC_WARN_64_TO_32_BIT_CONVERSION = YES;
				GCC_WARN_ABOUT_RETURN_TYPE = YES_ERROR;
				GCC_WARN_UNDECLARED_SELECTOR = YES;
				GCC_WARN_UNINITIALIZED_AUTOS = YES_AGGRESSIVE;
				GCC_WARN_UNUSED_FUNCTION = YES;
				GCC_WARN_UNUSED_VARIABLE = YES;
				IPHONEOS_DEPLOYMENT_TARGET = 13.1;
				MTL_ENABLE_DEBUG_INFO = NO;
				SDKROOT = iphoneos;
				TARGETED_DEVICE_FAMILY = "1,2";
				VALIDATE_PRODUCT = YES;
				VALID_ARCHS = "armv7 armv7s arm64";
			};
			name = Release;
		};
		42813A011CE44B7300972264 /* Debug */ = {
			isa = XCBuildConfiguration;
			baseConfigurationReference = F2E17BE0F2E191B000000001 /* SampleCode.xcconfig */;
			buildSettings = {
				ASSETCATALOG_COMPILER_APPICON_NAME = AppIcon;
				ASSETCATALOG_COMPILER_INCLUDE_ALL_APPICON_ASSETS = YES;
				CLANG_ENABLE_MODULES = YES;
				CODE_SIGN_ENTITLEMENTS = HLSCatalog/HLSCatalog.entitlements;
				CODE_SIGN_IDENTITY = "iPhone Developer";
				"CODE_SIGN_IDENTITY[sdk=iphoneos*]" = "iPhone Developer";
				CURRENT_PROJECT_VERSION = 1.3;
				DEBUG_INFORMATION_FORMAT = "dwarf-with-dsym";
				DEVELOPMENT_TEAM = 8V387UGMF9;
				INFOPLIST_FILE = "$(SRCROOT)/HLSCatalog/Info.plist";
				INFOPLIST_KEY_CFBundleDisplayName = "Wavepaths Player";
				INFOPLIST_KEY_LSApplicationCategoryType = "public.app-category.music";
				IPHONEOS_DEPLOYMENT_TARGET = 13.1;
				LD_RUNPATH_SEARCH_PATHS = (
					"$(inherited)",
					"@executable_path/Frameworks",
				);
				MACOSX_DEPLOYMENT_TARGET = 13.1;
				MARKETING_VERSION = 1.3;
				PRODUCT_BUNDLE_IDENTIFIER = com.wavepaths.listen;
				PRODUCT_NAME = "$(TARGET_NAME)";
				PROVISIONING_PROFILE_SPECIFIER = "";
				SUPPORTED_PLATFORMS = "iphoneos iphonesimulator";
				SUPPORTS_MACCATALYST = YES;
				SUPPORTS_MAC_DESIGNED_FOR_IPHONE_IPAD = NO;
				SUPPORTS_XR_DESIGNED_FOR_IPHONE_IPAD = NO;
				SWIFT_OPTIMIZATION_LEVEL = "-Onone";
				SWIFT_VERSION = 5.0;
				TARGETED_DEVICE_FAMILY = "1,2";
				VALID_ARCHS = "x86_64 armv7s arm64";
				VALID_ARCHS2 = "";
				VALID_ARCHS_old = "";
			};
			name = Debug;
		};
		42813A021CE44B7300972264 /* Release */ = {
			isa = XCBuildConfiguration;
			baseConfigurationReference = F2E17BE0F2E191B000000001 /* SampleCode.xcconfig */;
			buildSettings = {
				ASSETCATALOG_COMPILER_APPICON_NAME = AppIcon;
				ASSETCATALOG_COMPILER_INCLUDE_ALL_APPICON_ASSETS = YES;
				CLANG_ENABLE_MODULES = YES;
				CODE_SIGN_ENTITLEMENTS = HLSCatalog/HLSCatalog.entitlements;
				CODE_SIGN_IDENTITY = "iPhone Developer";
				"CODE_SIGN_IDENTITY[sdk=iphoneos*]" = "iPhone Developer";
				CURRENT_PROJECT_VERSION = 1.3;
				DEVELOPMENT_TEAM = 8V387UGMF9;
				INFOPLIST_FILE = "$(SRCROOT)/HLSCatalog/Info.plist";
				INFOPLIST_KEY_CFBundleDisplayName = "Wavepaths Player";
				INFOPLIST_KEY_LSApplicationCategoryType = "public.app-category.music";
				IPHONEOS_DEPLOYMENT_TARGET = 13.1;
				LD_RUNPATH_SEARCH_PATHS = (
					"$(inherited)",
					"@executable_path/Frameworks",
				);
				MACOSX_DEPLOYMENT_TARGET = 13.1;
				MARKETING_VERSION = 1.3;
				PRODUCT_BUNDLE_IDENTIFIER = com.wavepaths.listen;
				PRODUCT_NAME = "$(TARGET_NAME)";
				PROVISIONING_PROFILE_SPECIFIER = "";
				SUPPORTED_PLATFORMS = "iphoneos iphonesimulator";
				SUPPORTS_MACCATALYST = YES;
				SUPPORTS_MAC_DESIGNED_FOR_IPHONE_IPAD = NO;
				SUPPORTS_XR_DESIGNED_FOR_IPHONE_IPAD = NO;
				SWIFT_COMPILATION_MODE = wholemodule;
				SWIFT_OPTIMIZATION_LEVEL = "-O";
				SWIFT_VERSION = 5.0;
				TARGETED_DEVICE_FAMILY = "1,2";
				VALID_ARCHS = "x86_64 armv7s arm64";
				VALID_ARCHS2 = "";
				VALID_ARCHS_old = "";
			};
			name = Release;
		};
/* End XCBuildConfiguration section */

/* Begin XCConfigurationList section */
		428139E91CE44B7300972264 /* Build configuration list for PBXProject "HLSCatalog" */ = {
			isa = XCConfigurationList;
			buildConfigurations = (
				428139FE1CE44B7300972264 /* Debug */,
				428139FF1CE44B7300972264 /* Release */,
			);
			defaultConfigurationIsVisible = 0;
			defaultConfigurationName = Release;
		};
		42813A001CE44B7300972264 /* Build configuration list for PBXNativeTarget "Wavepaths Player" */ = {
			isa = XCConfigurationList;
			buildConfigurations = (
				42813A011CE44B7300972264 /* Debug */,
				42813A021CE44B7300972264 /* Release */,
			);
			defaultConfigurationIsVisible = 0;
			defaultConfigurationName = Release;
		};
/* End XCConfigurationList section */

/* Begin XCRemoteSwiftPackageReference section */
		562C8B7B2BA2EE5500445BF5 /* XCRemoteSwiftPackageReference "SwiftyJSON" */ = {
			isa = XCRemoteSwiftPackageReference;
			repositoryURL = "https://github.com/SwiftyJSON/SwiftyJSON.git";
			requirement = {
				kind = exactVersion;
				version = 5.0.1;
			};
		};
		56B084CA2B9A2BC2007195AA /* XCRemoteSwiftPackageReference "socket.io-client-swift" */ = {
			isa = XCRemoteSwiftPackageReference;
			repositoryURL = "https://github.com/socketio/socket.io-client-swift.git";
			requirement = {
				branch = master;
				kind = branch;
			};
		};
/* End XCRemoteSwiftPackageReference section */

/* Begin XCSwiftPackageProductDependency section */
		562C8B7C2BA2EE5500445BF5 /* SwiftyJSON */ = {
			isa = XCSwiftPackageProductDependency;
			package = 562C8B7B2BA2EE5500445BF5 /* XCRemoteSwiftPackageReference "SwiftyJSON" */;
			productName = SwiftyJSON;
		};
		56B084CB2B9A2BC2007195AA /* SocketIO */ = {
			isa = XCSwiftPackageProductDependency;
			package = 56B084CA2B9A2BC2007195AA /* XCRemoteSwiftPackageReference "socket.io-client-swift" */;
			productName = SocketIO;
		};
/* End XCSwiftPackageProductDependency section */
	};
	rootObject = 428139E61CE44B7300972264 /* Project object */;
}
